<?xml version="1.0" encoding="utf-8"?>
<Project ToolsVersion="4.0" xmlns="http://schemas.microsoft.com/developer/msbuild/2003">
  <ItemGroup>
    <Filter Include="源文件">
      <UniqueIdentifier>{4FC737F1-C7A5-4376-A066-2A32D752A2FF}</UniqueIdentifier>
      <Extensions>cpp;c;cc;cxx;c++;cppm;ixx;def;odl;idl;hpj;bat;asm;asmx</Extensions>
    </Filter>
    <Filter Include="头文件">
      <UniqueIdentifier>{93995380-89BD-4b04-88EB-625FBE52EBFB}</UniqueIdentifier>
      <Extensions>h;hh;hpp;hxx;h++;hm;inl;inc;ipp;xsd</Extensions>
    </Filter>
    <Filter Include="资源文件">
      <UniqueIdentifier>{67DA6AB6-F800-4c08-8B7A-83BB121AAD01}</UniqueIdentifier>
      <Extensions>rc;ico;cur;bmp;dlg;rc2;rct;bin;rgs;gif;jpg;jpeg;jpe;resx;tiff;tif;png;wav;mfcribbon-ms</Extensions>
    </Filter>
  </ItemGroup>
  <ItemGroup>
    <ClInclude Include="Source\VertexBuffer\VertexBuffer.h">
      <Filter>头文件</Filter>
    </ClInclude>
    <ClInclude Include="Source\Renderer.h">
      <Filter>头文件</Filter>
    </ClInclude>
    <ClInclude Include="Source\VertexArray\VertexArray.h">
      <Filter>头文件</Filter>
    </ClInclude>
    <ClInclude Include="Source\VertexBufferLayout.h">
      <Filter>头文件</Filter>
    </ClInclude>
    <ClInclude Include="Source\Camera\Camera.h">
      <Filter>头文件</Filter>
    </ClInclude>
    <ClInclude Include="Source\Common\Core.h">
      <Filter>头文件</Filter>
    </ClInclude>
    <ClInclude Include="Source\Common\Keys.h">
      <Filter>头文件</Filter>
    </ClInclude>
    <ClInclude Include="Source\stb_images\stb_image.h">
      <Filter>头文件</Filter>
    </ClInclude>
    <ClInclude Include="Source\IndexBuffer\IndexBuffer.h">
      <Filter>头文件</Filter>
    </ClInclude>
    <ClInclude Include="Source\Shader\Shader.h">
      <Filter>头文件</Filter>
    </ClInclude>
    <ClInclude Include="Source\Component\ActorComponent.h">
      <Filter>头文件</Filter>
    </ClInclude>
    <ClInclude Include="Source\Model\Mesh.h">
      <Filter>头文件</Filter>
    </ClInclude>
    <ClInclude Include="Source\Model\Model.h">
      <Filter>头文件</Filter>
    </ClInclude>
    <ClInclude Include="Source\Model\Shape.h">
      <Filter>头文件</Filter>
    </ClInclude>
    <ClInclude Include="vendor\includes\assimp\aabb.h">
      <Filter>头文件</Filter>
    </ClInclude>
    <ClInclude Include="vendor\includes\assimp\ai_assert.h">
      <Filter>头文件</Filter>
    </ClInclude>
    <ClInclude Include="vendor\includes\assimp\anim.h">
      <Filter>头文件</Filter>
    </ClInclude>
    <ClInclude Include="vendor\includes\assimp\AssertHandler.h">
      <Filter>头文件</Filter>
    </ClInclude>
    <ClInclude Include="vendor\includes\assimp\Base64.hpp">
      <Filter>头文件</Filter>
    </ClInclude>
    <ClInclude Include="vendor\includes\assimp\BaseImporter.h">
      <Filter>头文件</Filter>
    </ClInclude>
    <ClInclude Include="vendor\includes\assimp\Bitmap.h">
      <Filter>头文件</Filter>
    </ClInclude>
    <ClInclude Include="vendor\includes\assimp\BlobIOSystem.h">
      <Filter>头文件</Filter>
    </ClInclude>
    <ClInclude Include="vendor\includes\assimp\ByteSwapper.h">
      <Filter>头文件</Filter>
    </ClInclude>
    <ClInclude Include="vendor\includes\assimp\camera.h">
      <Filter>头文件</Filter>
    </ClInclude>
    <ClInclude Include="vendor\includes\assimp\cexport.h">
      <Filter>头文件</Filter>
    </ClInclude>
    <ClInclude Include="vendor\includes\assimp\cfileio.h">
      <Filter>头文件</Filter>
    </ClInclude>
    <ClInclude Include="vendor\includes\assimp\cimport.h">
      <Filter>头文件</Filter>
    </ClInclude>
    <ClInclude Include="vendor\includes\assimp\ColladaMetaData.h">
      <Filter>头文件</Filter>
    </ClInclude>
    <ClInclude Include="vendor\includes\assimp\color4.h">
      <Filter>头文件</Filter>
    </ClInclude>
    <ClInclude Include="vendor\includes\assimp\color4.inl">
      <Filter>头文件</Filter>
    </ClInclude>
    <ClInclude Include="vendor\includes\assimp\commonMetaData.h">
      <Filter>头文件</Filter>
    </ClInclude>
    <ClInclude Include="vendor\includes\assimp\Compiler\poppack1.h">
      <Filter>头文件</Filter>
    </ClInclude>
    <ClInclude Include="vendor\includes\assimp\Compiler\pstdint.h">
      <Filter>头文件</Filter>
    </ClInclude>
    <ClInclude Include="vendor\includes\assimp\Compiler\pushpack1.h">
      <Filter>头文件</Filter>
    </ClInclude>
    <ClInclude Include="vendor\includes\assimp\config.h">
      <Filter>头文件</Filter>
    </ClInclude>
    <ClInclude Include="vendor\includes\assimp\CreateAnimMesh.h">
      <Filter>头文件</Filter>
    </ClInclude>
    <ClInclude Include="vendor\includes\assimp\DefaultIOStream.h">
      <Filter>头文件</Filter>
    </ClInclude>
    <ClInclude Include="vendor\includes\assimp\DefaultIOSystem.h">
      <Filter>头文件</Filter>
    </ClInclude>
    <ClInclude Include="vendor\includes\assimp\DefaultLogger.hpp">
      <Filter>头文件</Filter>
    </ClInclude>
    <ClInclude Include="vendor\includes\assimp\defs.h">
      <Filter>头文件</Filter>
    </ClInclude>
    <ClInclude Include="vendor\includes\assimp\Exceptional.h">
      <Filter>头文件</Filter>
    </ClInclude>
    <ClInclude Include="vendor\includes\assimp\Exporter.hpp">
      <Filter>头文件</Filter>
    </ClInclude>
    <ClInclude Include="vendor\includes\assimp\fast_atof.h">
      <Filter>头文件</Filter>
    </ClInclude>
    <ClInclude Include="vendor\includes\assimp\GenericProperty.h">
      <Filter>头文件</Filter>
    </ClInclude>
    <ClInclude Include="vendor\includes\assimp\GltfMaterial.h">
      <Filter>头文件</Filter>
    </ClInclude>
    <ClInclude Include="vendor\includes\assimp\Hash.h">
      <Filter>头文件</Filter>
    </ClInclude>
    <ClInclude Include="vendor\includes\assimp\Importer.hpp">
      <Filter>头文件</Filter>
    </ClInclude>
    <ClInclude Include="vendor\includes\assimp\importerdesc.h">
      <Filter>头文件</Filter>
    </ClInclude>
    <ClInclude Include="vendor\includes\assimp\IOStream.hpp">
      <Filter>头文件</Filter>
    </ClInclude>
    <ClInclude Include="vendor\includes\assimp\IOStreamBuffer.h">
      <Filter>头文件</Filter>
    </ClInclude>
    <ClInclude Include="vendor\includes\assimp\IOSystem.hpp">
      <Filter>头文件</Filter>
    </ClInclude>
    <ClInclude Include="vendor\includes\assimp\light.h">
      <Filter>头文件</Filter>
    </ClInclude>
    <ClInclude Include="vendor\includes\assimp\LineSplitter.h">
      <Filter>头文件</Filter>
    </ClInclude>
    <ClInclude Include="vendor\includes\assimp\LogAux.h">
      <Filter>头文件</Filter>
    </ClInclude>
    <ClInclude Include="vendor\includes\assimp\Logger.hpp">
      <Filter>头文件</Filter>
    </ClInclude>
    <ClInclude Include="vendor\includes\assimp\LogStream.hpp">
      <Filter>头文件</Filter>
    </ClInclude>
    <ClInclude Include="vendor\includes\assimp\material.h">
      <Filter>头文件</Filter>
    </ClInclude>
    <ClInclude Include="vendor\includes\assimp\material.inl">
      <Filter>头文件</Filter>
    </ClInclude>
    <ClInclude Include="vendor\includes\assimp\MathFunctions.h">
      <Filter>头文件</Filter>
    </ClInclude>
    <ClInclude Include="vendor\includes\assimp\matrix3x3.h">
      <Filter>头文件</Filter>
    </ClInclude>
    <ClInclude Include="vendor\includes\assimp\matrix3x3.inl">
      <Filter>头文件</Filter>
    </ClInclude>
    <ClInclude Include="vendor\includes\assimp\matrix4x4.h">
      <Filter>头文件</Filter>
    </ClInclude>
    <ClInclude Include="vendor\includes\assimp\matrix4x4.inl">
      <Filter>头文件</Filter>
    </ClInclude>
    <ClInclude Include="vendor\includes\assimp\MemoryIOWrapper.h">
      <Filter>头文件</Filter>
    </ClInclude>
    <ClInclude Include="vendor\includes\assimp\mesh.h">
      <Filter>头文件</Filter>
    </ClInclude>
    <ClInclude Include="vendor\includes\assimp\metadata.h">
      <Filter>头文件</Filter>
    </ClInclude>
    <ClInclude Include="vendor\includes\assimp\NullLogger.hpp">
      <Filter>头文件</Filter>
    </ClInclude>
    <ClInclude Include="vendor\includes\assimp\ObjMaterial.h">
      <Filter>头文件</Filter>
    </ClInclude>
    <ClInclude Include="vendor\includes\assimp\ParsingUtils.h">
      <Filter>头文件</Filter>
    </ClInclude>
    <ClInclude Include="vendor\includes\assimp\pbrmaterial.h">
      <Filter>头文件</Filter>
    </ClInclude>
    <ClInclude Include="vendor\includes\assimp\port\AndroidJNI\AndroidJNIIOSystem.h">
      <Filter>头文件</Filter>
    </ClInclude>
    <ClInclude Include="vendor\includes\assimp\port\AndroidJNI\BundledAssetIOSystem.h">
      <Filter>头文件</Filter>
    </ClInclude>
    <ClInclude Include="vendor\includes\assimp\postprocess.h">
      <Filter>头文件</Filter>
    </ClInclude>
    <ClInclude Include="vendor\includes\assimp\Profiler.h">
      <Filter>头文件</Filter>
    </ClInclude>
    <ClInclude Include="vendor\includes\assimp\ProgressHandler.hpp">
      <Filter>头文件</Filter>
    </ClInclude>
    <ClInclude Include="vendor\includes\assimp\qnan.h">
      <Filter>头文件</Filter>
    </ClInclude>
    <ClInclude Include="vendor\includes\assimp\quaternion.h">
      <Filter>头文件</Filter>
    </ClInclude>
    <ClInclude Include="vendor\includes\assimp\quaternion.inl">
      <Filter>头文件</Filter>
    </ClInclude>
    <ClInclude Include="vendor\includes\assimp\RemoveComments.h">
      <Filter>头文件</Filter>
    </ClInclude>
    <ClInclude Include="vendor\includes\assimp\revision.h">
      <Filter>头文件</Filter>
    </ClInclude>
    <ClInclude Include="vendor\includes\assimp\scene.h">
      <Filter>头文件</Filter>
    </ClInclude>
    <ClInclude Include="vendor\includes\assimp\SceneCombiner.h">
      <Filter>头文件</Filter>
    </ClInclude>
    <ClInclude Include="vendor\includes\assimp\SGSpatialSort.h">
      <Filter>头文件</Filter>
    </ClInclude>
    <ClInclude Include="vendor\includes\assimp\SkeletonMeshBuilder.h">
      <Filter>头文件</Filter>
    </ClInclude>
    <ClInclude Include="vendor\includes\assimp\SmallVector.h">
      <Filter>头文件</Filter>
    </ClInclude>
    <ClInclude Include="vendor\includes\assimp\SmoothingGroups.h">
      <Filter>头文件</Filter>
    </ClInclude>
    <ClInclude Include="vendor\includes\assimp\SmoothingGroups.inl">
      <Filter>头文件</Filter>
    </ClInclude>
    <ClInclude Include="vendor\includes\assimp\SpatialSort.h">
      <Filter>头文件</Filter>
    </ClInclude>
    <ClInclude Include="vendor\includes\assimp\StandardShapes.h">
      <Filter>头文件</Filter>
    </ClInclude>
    <ClInclude Include="vendor\includes\assimp\StreamReader.h">
      <Filter>头文件</Filter>
    </ClInclude>
    <ClInclude Include="vendor\includes\assimp\StreamWriter.h">
      <Filter>头文件</Filter>
    </ClInclude>
    <ClInclude Include="vendor\includes\assimp\StringComparison.h">
      <Filter>头文件</Filter>
    </ClInclude>
    <ClInclude Include="vendor\includes\assimp\StringUtils.h">
      <Filter>头文件</Filter>
    </ClInclude>
    <ClInclude Include="vendor\includes\assimp\Subdivision.h">
      <Filter>头文件</Filter>
    </ClInclude>
    <ClInclude Include="vendor\includes\assimp\texture.h">
      <Filter>头文件</Filter>
    </ClInclude>
    <ClInclude Include="vendor\includes\assimp\TinyFormatter.h">
      <Filter>头文件</Filter>
    </ClInclude>
    <ClInclude Include="vendor\includes\assimp\types.h">
      <Filter>头文件</Filter>
    </ClInclude>
    <ClInclude Include="vendor\includes\assimp\vector2.h">
      <Filter>头文件</Filter>
    </ClInclude>
    <ClInclude Include="vendor\includes\assimp\vector2.inl">
      <Filter>头文件</Filter>
    </ClInclude>
    <ClInclude Include="vendor\includes\assimp\vector3.h">
      <Filter>头文件</Filter>
    </ClInclude>
    <ClInclude Include="vendor\includes\assimp\vector3.inl">
      <Filter>头文件</Filter>
    </ClInclude>
    <ClInclude Include="vendor\includes\assimp\version.h">
      <Filter>头文件</Filter>
    </ClInclude>
    <ClInclude Include="vendor\includes\assimp\Vertex.h">
      <Filter>头文件</Filter>
    </ClInclude>
    <ClInclude Include="vendor\includes\assimp\XmlParser.h">
      <Filter>头文件</Filter>
    </ClInclude>
    <ClInclude Include="vendor\includes\assimp\XMLTools.h">
      <Filter>头文件</Filter>
    </ClInclude>
    <ClInclude Include="vendor\includes\assimp\ZipArchiveIOSystem.h">
      <Filter>头文件</Filter>
    </ClInclude>
    <ClInclude Include="vendor\includes\glad\glad\glad.h">
      <Filter>头文件</Filter>
    </ClInclude>
    <ClInclude Include="vendor\includes\glad\KHR\khrplatform.h">
      <Filter>头文件</Filter>
    </ClInclude>
    <ClInclude Include="vendor\includes\GLFW\glfw3.h">
      <Filter>头文件</Filter>
    </ClInclude>
    <ClInclude Include="vendor\includes\GLFW\glfw3native.h">
      <Filter>头文件</Filter>
    </ClInclude>
    <ClInclude Include="vendor\includes\glut\glut.h">
      <Filter>头文件</Filter>
    </ClInclude>
    <ClInclude Include="vendor\includes\GL\eglew.h">
      <Filter>头文件</Filter>
    </ClInclude>
    <ClInclude Include="vendor\includes\GL\freeglut.h">
      <Filter>头文件</Filter>
    </ClInclude>
    <ClInclude Include="vendor\includes\GL\freeglut_ext.h">
      <Filter>头文件</Filter>
    </ClInclude>
    <ClInclude Include="vendor\includes\GL\freeglut_std.h">
      <Filter>头文件</Filter>
    </ClInclude>
    <ClInclude Include="vendor\includes\GL\glew.h">
      <Filter>头文件</Filter>
    </ClInclude>
    <ClInclude Include="vendor\includes\GL\glut.h">
      <Filter>头文件</Filter>
    </ClInclude>
    <ClInclude Include="vendor\includes\GL\glxew.h">
      <Filter>头文件</Filter>
    </ClInclude>
    <ClInclude Include="vendor\includes\GL\wglew.h">
      <Filter>头文件</Filter>
    </ClInclude>
    <ClInclude Include="Source\Actor.h">
      <Filter>头文件</Filter>
    </ClInclude>
    <ClInclude Include="Source\Common\LayerStack.h">
      <Filter>头文件</Filter>
    </ClInclude>
    <ClInclude Include="Source\Common\MouseCode.h">
      <Filter>头文件</Filter>
    </ClInclude>
    <ClInclude Include="Source\Common\Timestep.h">
      <Filter>头文件</Filter>
    </ClInclude>
    <ClInclude Include="Source\Application.h">
      <Filter>头文件</Filter>
    </ClInclude>
    <ClInclude Include="Source\Events\ApplicationEvent.h">
      <Filter>头文件</Filter>
    </ClInclude>
    <ClInclude Include="Source\Events\Event.h">
      <Filter>头文件</Filter>
    </ClInclude>
    <ClInclude Include="Source\Events\Input.h">
      <Filter>头文件</Filter>
    </ClInclude>
    <ClInclude Include="Source\Events\KeyEvent.h">
      <Filter>头文件</Filter>
    </ClInclude>
    <ClInclude Include="Source\Events\MouseEvent.h">
      <Filter>头文件</Filter>
    </ClInclude>
    <ClInclude Include="Source\FrameBuffer\FrameBuffer.h">
      <Filter>头文件</Filter>
    </ClInclude>
    <ClInclude Include="Source\GraphicContext.h">
      <Filter>头文件</Filter>
    </ClInclude>
    <ClInclude Include="Source\Layers\ExampleLayer.h">
      <Filter>头文件</Filter>
    </ClInclude>
    <ClInclude Include="Source\Layers\Layer.h">
      <Filter>头文件</Filter>
    </ClInclude>
    <ClInclude Include="Source\RenderPass\DeferredPass.h">
      <Filter>头文件</Filter>
    </ClInclude>
    <ClInclude Include="Source\RenderPass\RenderPass.h">
      <Filter>头文件</Filter>
    </ClInclude>
    <ClInclude Include="Source\Scene.h">
      <Filter>头文件</Filter>
    </ClInclude>
    <ClInclude Include="Source\UnifromBuffer\UniformBuffer.h">
      <Filter>头文件</Filter>
    </ClInclude>
    <ClInclude Include="Source\Windows\Window.h">
      <Filter>头文件</Filter>
    </ClInclude>
  </ItemGroup>
  <ItemGroup>
    <ClCompile Include="Source\Main.cpp">
      <Filter>源文件</Filter>
    </ClCompile>
    <ClCompile Include="Source\glad.c">
      <Filter>源文件</Filter>
    </ClCompile>
    <ClCompile Include="Source\VertexBuffer\VertexBuffer.cpp">
      <Filter>源文件</Filter>
    </ClCompile>
    <ClCompile Include="Source\VertexArray\VertexArray.cpp">
      <Filter>源文件</Filter>
    </ClCompile>
    <ClCompile Include="Source\VertexBufferLayout.cpp">
      <Filter>源文件</Filter>
    </ClCompile>
    <ClCompile Include="Source\Camera\Camera.cpp">
      <Filter>源文件</Filter>
    </ClCompile>
    <ClCompile Include="Source\stb_images\stb_image.cpp">
      <Filter>源文件</Filter>
    </ClCompile>
    <ClCompile Include="Source\Renderer.cpp">
      <Filter>源文件</Filter>
    </ClCompile>
    <ClCompile Include="Source\IndexBuffer\IndexBuffer.cpp">
      <Filter>源文件</Filter>
    </ClCompile>
    <ClCompile Include="Source\Shader\Shader.cpp">
      <Filter>源文件</Filter>
    </ClCompile>
    <ClCompile Include="Source\Component\ActorComponent.cpp">
      <Filter>源文件</Filter>
    </ClCompile>
    <ClCompile Include="Source\Model\Mesh.cpp">
      <Filter>源文件</Filter>
    </ClCompile>
    <ClCompile Include="Source\Model\Model.cpp">
      <Filter>源文件</Filter>
    </ClCompile>
    <ClCompile Include="Source\Model\Shape.cpp">
      <Filter>源文件</Filter>
    </ClCompile>
    <ClCompile Include="Source\Actor.cpp">
      <Filter>源文件</Filter>
    </ClCompile>
    <ClCompile Include="Source\Common\LayerStack.cpp">
      <Filter>源文件</Filter>
    </ClCompile>
    <ClCompile Include="Source\Common\Timestep.cpp">
      <Filter>源文件</Filter>
    </ClCompile>
    <ClCompile Include="Source\Application.cpp">
      <Filter>源文件</Filter>
    </ClCompile>
    <ClCompile Include="Source\Events\Input.cpp">
      <Filter>源文件</Filter>
    </ClCompile>
    <ClCompile Include="Source\FrameBuffer\FrameBuffer.cpp">
      <Filter>源文件</Filter>
    </ClCompile>
    <ClCompile Include="Source\GraphicContext.cpp">
      <Filter>源文件</Filter>
    </ClCompile>
    <ClCompile Include="Source\Layers\ExampleLayer.cpp">
      <Filter>源文件</Filter>
    </ClCompile>
    <ClCompile Include="Source\Layers\Layer.cpp">
      <Filter>源文件</Filter>
    </ClCompile>
    <ClCompile Include="Source\RenderPass\DeferredPass.cpp">
      <Filter>源文件</Filter>
    </ClCompile>
    <ClCompile Include="Source\RenderPass\RenderPass.cpp">
      <Filter>源文件</Filter>
    </ClCompile>
    <ClCompile Include="Source\Scene.cpp">
      <Filter>源文件</Filter>
    </ClCompile>
    <ClCompile Include="Source\UnifromBuffer\UniformBuffer.cpp">
      <Filter>源文件</Filter>
    </ClCompile>
    <ClCompile Include="Source\Windows\Window.cpp">
      <Filter>源文件</Filter>
    </ClCompile>
  </ItemGroup>
</Project>